
Microsoft Visual Studio Solution File, Format Version 12.00
# Visual Studio Version 16
VisualStudioVersion = 16.0.30804.86
MinimumVisualStudioVersion = 10.0.40219.1
Project("{FAE04EC0-301F-11D3-BF4B-00C04F79EFBC}") = "Beat-360fyer-Plugin", "Beat-360fyer-Plugin\Beat-360fyer-Plugin.csproj", "{6A770C7D-8282-4DD8-BC74-DD0F69C69B39}"
EndProject
Project("{FAE04EC0-301F-11D3-BF4B-00C04F79EFBC}") = "LibBeatGenerator", "LibBeatGenerator\LibBeatGenerator.csproj", "{EAA35ACC-DFF7-4829-A957-5974DE27FC2E}"
EndProject
Global
	GlobalSection(SolutionConfigurationPlatforms) = preSolution
		Debug|Any CPU = Debug|Any CPU
		Release|Any CPU = Release|Any CPU
	EndGlobalSection
	GlobalSection(ProjectConfigurationPlatforms) = postSolution
		{6A770C7D-8282-4DD8-BC74-DD0F69C69B39}.Debug|Any CPU.ActiveCfg = Debug|Any CPU
		{6A770C7D-8282-4DD8-BC74-DD0F69C69B39}.Debug|Any CPU.Build.0 = Debug|Any CPU
		{6A770C7D-8282-4DD8-BC74-DD0F69C69B39}.Release|Any CPU.ActiveCfg = Release|Any CPU
		{6A770C7D-8282-4DD8-BC74-DD0F69C69B39}.Release|Any CPU.Build.0 = Release|Any CPU
		{EAA35ACC-DFF7-4829-A957-5974DE27FC2E}.Debug|Any CPU.ActiveCfg = Debug|Any CPU
		{EAA35ACC-DFF7-4829-A957-5974DE27FC2E}.Debug|Any CPU.Build.0 = Debug|Any CPU
		{EAA35ACC-DFF7-4829-A957-5974DE27FC2E}.Release|Any CPU.ActiveCfg = Release|Any CPU
		{EAA35ACC-DFF7-4829-A957-5974DE27FC2E}.Release|Any CPU.Build.0 = Release|Any CPU
	EndGlobalSection
	GlobalSection(SolutionProperties) = preSolution
		HideSolutionNode = FALSE
	EndGlobalSection
	GlobalSection(ExtensibilityGlobals) = postSolution
		SolutionGuid = {99390558-98BE-480E-A3EF-010A32C85744}
	EndGlobalSection
EndGlobal
